
Microsoft Visual Studio Solution File, Format Version 12.00
# Visual Studio Version 16
VisualStudioVersion = 16.0.31410.357
MinimumVisualStudioVersion = 10.0.40219.1
Project("{FAE04EC0-301F-11D3-BF4B-00C04F79EFBC}") = "Testegit", "Testegit\Testegit.csproj", "{8580AE6F-9275-489C-88B0-DFAD406B7C32}"
EndProject
Global
	GlobalSection(SolutionConfigurationPlatforms) = preSolution
		Debug|Any CPU = Debug|Any CPU
		Release|Any CPU = Release|Any CPU
	EndGlobalSection
	GlobalSection(ProjectConfigurationPlatforms) = postSolution
		{8580AE6F-9275-489C-88B0-DFAD406B7C32}.Debug|Any CPU.ActiveCfg = Debug|Any CPU
		{8580AE6F-9275-489C-88B0-DFAD406B7C32}.Debug|Any CPU.Build.0 = Debug|Any CPU
		{8580AE6F-9275-489C-88B0-DFAD406B7C32}.Release|Any CPU.ActiveCfg = Release|Any CPU
		{8580AE6F-9275-489C-88B0-DFAD406B7C32}.Release|Any CPU.Build.0 = Release|Any CPU
	EndGlobalSection
	GlobalSection(SolutionProperties) = preSolution
		HideSolutionNode = FALSE
	EndGlobalSection
	GlobalSection(ExtensibilityGlobals) = postSolution
		SolutionGuid = {F609812F-16AD-41C1-AF83-7CAC862818BF}
	EndGlobalSection
EndGlobal
